
Microsoft Visual Studio Solution File, Format Version 12.00
# Visual Studio Version 17
VisualStudioVersion = 17.14.36511.14 d17.14
MinimumVisualStudioVersion = 10.0.40219.1
Project("{FAE04EC0-301F-11D3-BF4B-00C04F79EFBC}") = "Week3", "Week3\Week3.csproj", "{9061FFE9-E7D6-4F3B-A5AF-08A724493CA9}"
EndProject
Global
	GlobalSection(SolutionConfigurationPlatforms) = preSolution
		Debug|Any CPU = Debug|Any CPU
		Release|Any CPU = Release|Any CPU
	EndGlobalSection
	GlobalSection(ProjectConfigurationPlatforms) = postSolution
		{9061FFE9-E7D6-4F3B-A5AF-08A724493CA9}.Debug|Any CPU.ActiveCfg = Debug|Any CPU
		{9061FFE9-E7D6-4F3B-A5AF-08A724493CA9}.Debug|Any CPU.Build.0 = Debug|Any CPU
		{9061FFE9-E7D6-4F3B-A5AF-08A724493CA9}.Release|Any CPU.ActiveCfg = Release|Any CPU
		{9061FFE9-E7D6-4F3B-A5AF-08A724493CA9}.Release|Any CPU.Build.0 = Release|Any CPU
	EndGlobalSection
	GlobalSection(SolutionProperties) = preSolution
		HideSolutionNode = FALSE
	EndGlobalSection
	GlobalSection(ExtensibilityGlobals) = postSolution
		SolutionGuid = {130009E4-E22F-43E0-B58E-C47C9FC84F3C}
	EndGlobalSection
EndGlobal
